
Microsoft Visual Studio Solution File, Format Version 12.00
# Visual Studio Version 16
VisualStudioVersion = 16.0.32802.440
MinimumVisualStudioVersion = 10.0.40219.1
Project("{FAE04EC0-301F-11D3-BF4B-00C04F79EFBC}") = "SERVICE_MARKET_APP", "SERVICE_MARKET_APP.csproj", "{6DE6FB35-F0FA-4712-A540-26A4A3CDE4A9}"
EndProject
Global
	GlobalSection(SolutionConfigurationPlatforms) = preSolution
		Debug|Any CPU = Debug|Any CPU
		Release|Any CPU = Release|Any CPU
	EndGlobalSection
	GlobalSection(ProjectConfigurationPlatforms) = postSolution
		{6DE6FB35-F0FA-4712-A540-26A4A3CDE4A9}.Debug|Any CPU.ActiveCfg = Debug|Any CPU
		{6DE6FB35-F0FA-4712-A540-26A4A3CDE4A9}.Debug|Any CPU.Build.0 = Debug|Any CPU
		{6DE6FB35-F0FA-4712-A540-26A4A3CDE4A9}.Release|Any CPU.ActiveCfg = Release|Any CPU
		{6DE6FB35-F0FA-4712-A540-26A4A3CDE4A9}.Release|Any CPU.Build.0 = Release|Any CPU
	EndGlobalSection
	GlobalSection(SolutionProperties) = preSolution
		HideSolutionNode = FALSE
	EndGlobalSection
	GlobalSection(ExtensibilityGlobals) = postSolution
		SolutionGuid = {BB0779DA-CAD0-49F6-983E-A5695D96FC5B}
	EndGlobalSection
EndGlobal
