
Microsoft Visual Studio Solution File, Format Version 12.00
# Visual Studio Version 16
VisualStudioVersion = 16.0.32802.440
MinimumVisualStudioVersion = 10.0.40219.1
Project("{FAE04EC0-301F-11D3-BF4B-00C04F79EFBC}") = "SERVICE_MARKET", "SERVICE_MARKET.csproj", "{0E38DA07-465A-4FB1-8BC2-326C4196E274}"
EndProject
Global
	GlobalSection(SolutionConfigurationPlatforms) = preSolution
		Debug|Any CPU = Debug|Any CPU
		Release|Any CPU = Release|Any CPU
	EndGlobalSection
	GlobalSection(ProjectConfigurationPlatforms) = postSolution
		{0E38DA07-465A-4FB1-8BC2-326C4196E274}.Debug|Any CPU.ActiveCfg = Debug|Any CPU
		{0E38DA07-465A-4FB1-8BC2-326C4196E274}.Debug|Any CPU.Build.0 = Debug|Any CPU
		{0E38DA07-465A-4FB1-8BC2-326C4196E274}.Release|Any CPU.ActiveCfg = Release|Any CPU
		{0E38DA07-465A-4FB1-8BC2-326C4196E274}.Release|Any CPU.Build.0 = Release|Any CPU
	EndGlobalSection
	GlobalSection(SolutionProperties) = preSolution
		HideSolutionNode = FALSE
	EndGlobalSection
	GlobalSection(ExtensibilityGlobals) = postSolution
		SolutionGuid = {F277351D-6D66-4046-A3F1-347B34A1A29C}
	EndGlobalSection
EndGlobal
